
Microsoft Visual Studio Solution File, Format Version 12.00
# Visual Studio Version 17
VisualStudioVersion = 17.2.32526.322
MinimumVisualStudioVersion = 10.0.40219.1
Project("{FAE04EC0-301F-11D3-BF4B-00C04F79EFBC}") = "TechnicalTask", "TechnicalTask\TechnicalTask.csproj", "{37FFA379-06DE-4A6D-B36C-C9F830210822}"
EndProject
Global
	GlobalSection(SolutionConfigurationPlatforms) = preSolution
		Debug|Any CPU = Debug|Any CPU
		Release|Any CPU = Release|Any CPU
	EndGlobalSection
	GlobalSection(ProjectConfigurationPlatforms) = postSolution
		{37FFA379-06DE-4A6D-B36C-C9F830210822}.Debug|Any CPU.ActiveCfg = Debug|Any CPU
		{37FFA379-06DE-4A6D-B36C-C9F830210822}.Debug|Any CPU.Build.0 = Debug|Any CPU
		{37FFA379-06DE-4A6D-B36C-C9F830210822}.Release|Any CPU.ActiveCfg = Release|Any CPU
		{37FFA379-06DE-4A6D-B36C-C9F830210822}.Release|Any CPU.Build.0 = Release|Any CPU
	EndGlobalSection
	GlobalSection(SolutionProperties) = preSolution
		HideSolutionNode = FALSE
	EndGlobalSection
	GlobalSection(ExtensibilityGlobals) = postSolution
		SolutionGuid = {0ED0DE13-2BFB-422A-A6DD-C50E22433EB4}
	EndGlobalSection
EndGlobal
